{
    "name": "@theantitwink/update-package-version",
    "version": "0.0.1",
    "lockfileVersion": 3,
    "requires": true,
    "packages": {
        "": {
            "name": "@theantitwink/update-package-version",
            "version": "0.0.1",
            "devDependencies": {
                "root": "github:actions/toolkit"
            }
        },
        "node_modules/root": {
            "resolved": "git+ssh://git@github.com/actions/toolkit.git#d14afd7973c037fa9f72882decd1eb3befa36135",
            "dev": true
        }
    }
}
